
Microsoft Visual Studio Solution File, Format Version 12.00
# Visual Studio 2012
Project("{FAE04EC0-301F-11D3-BF4B-00C04F79EFBC}") = "Evoke.Rnd.SignalrNotify.Api", "Evoke.Rnd.SignalrNotify.Api\Evoke.Rnd.SignalrNotify.Api.csproj", "{B014767D-8C16-4E9E-B56D-38E1238FF516}"
EndProject
Project("{FAE04EC0-301F-11D3-BF4B-00C04F79EFBC}") = "Evoke.Rnd.SignalrNotify.Api.Tests", "Evoke.Rnd.SignalrNotify.Api.Tests\Evoke.Rnd.SignalrNotify.Api.Tests.csproj", "{96F54EAC-4996-4239-8532-9940BE19A8C6}"
EndProject
Global
	GlobalSection(SolutionConfigurationPlatforms) = preSolution
		Debug|Any CPU = Debug|Any CPU
		Release|Any CPU = Release|Any CPU
	EndGlobalSection
	GlobalSection(ProjectConfigurationPlatforms) = postSolution
		{B014767D-8C16-4E9E-B56D-38E1238FF516}.Debug|Any CPU.ActiveCfg = Debug|Any CPU
		{B014767D-8C16-4E9E-B56D-38E1238FF516}.Debug|Any CPU.Build.0 = Debug|Any CPU
		{B014767D-8C16-4E9E-B56D-38E1238FF516}.Release|Any CPU.ActiveCfg = Release|Any CPU
		{B014767D-8C16-4E9E-B56D-38E1238FF516}.Release|Any CPU.Build.0 = Release|Any CPU
		{96F54EAC-4996-4239-8532-9940BE19A8C6}.Debug|Any CPU.ActiveCfg = Debug|Any CPU
		{96F54EAC-4996-4239-8532-9940BE19A8C6}.Debug|Any CPU.Build.0 = Debug|Any CPU
		{96F54EAC-4996-4239-8532-9940BE19A8C6}.Release|Any CPU.ActiveCfg = Release|Any CPU
		{96F54EAC-4996-4239-8532-9940BE19A8C6}.Release|Any CPU.Build.0 = Release|Any CPU
	EndGlobalSection
	GlobalSection(SolutionProperties) = preSolution
		HideSolutionNode = FALSE
	EndGlobalSection
EndGlobal
